// !$*UTF8*$!
{
	archiveVersion = 1;
	classes = {
	};
	objectVersion = 56;
	objects = {

/* Begin PBXBuildFile section */
		A10000000000000000000001 /* LastLoggedApp.swift in Sources */ = {isa = PBXBuildFile; fileRef = A20000000000000000000001 /* LastLoggedApp.swift */; };
		A10000000000000000000002 /* ContentView.swift in Sources */ = {isa = PBXBuildFile; fileRef = A20000000000000000000002 /* ContentView.swift */; };
		A10000000000000000000003 /* Assets.xcassets in Resources */ = {isa = PBXBuildFile; fileRef = A20000000000000000000003 /* Assets.xcassets */; };
		A10000000000000000000004 /* Supabase in Frameworks */ = {isa = PBXBuildFile; productRef = AA0000000000000000000001 /* Supabase */; };
		A10000000000000000000005 /* RevenueCat in Frameworks */ = {isa = PBXBuildFile; productRef = AA0000000000000000000002 /* RevenueCat */; };
		A10000000000000000000006 /* TelemetryDeck in Frameworks */ = {isa = PBXBuildFile; productRef = AA0000000000000000000003 /* TelemetryDeck */; };
		A10000000000000000000007 /* SyncStatus.swift in Sources */ = {isa = PBXBuildFile; fileRef = A20000000000000000000007 /* SyncStatus.swift */; };
		A10000000000000000000008 /* TrackerItem.swift in Sources */ = {isa = PBXBuildFile; fileRef = A20000000000000000000008 /* TrackerItem.swift */; };
		A10000000000000000000009 /* CompletionLog.swift in Sources */ = {isa = PBXBuildFile; fileRef = A20000000000000000000009 /* CompletionLog.swift */; };
		A1000000000000000000000A /* TrackerCategory.swift in Sources */ = {isa = PBXBuildFile; fileRef = A2000000000000000000000A /* TrackerCategory.swift */; };
		A1000000000000000000000B /* DataSeeder.swift in Sources */ = {isa = PBXBuildFile; fileRef = A2000000000000000000000B /* DataSeeder.swift */; };
		A1000000000000000000000C /* HomeViewModel.swift in Sources */ = {isa = PBXBuildFile; fileRef = A2000000000000000000000C /* HomeViewModel.swift */; };
		A1000000000000000000000D /* HomeView.swift in Sources */ = {isa = PBXBuildFile; fileRef = A2000000000000000000000D /* HomeView.swift */; };
		A1000000000000000000000E /* AddTrackerView.swift in Sources */ = {isa = PBXBuildFile; fileRef = A2000000000000000000000E /* AddTrackerView.swift */; };
		A1000000000000000000000F /* TrackerDetailViewModel.swift in Sources */ = {isa = PBXBuildFile; fileRef = A2000000000000000000000F /* TrackerDetailViewModel.swift */; };
		A10000000000000000000010 /* CategoryTemplates.swift in Sources */ = {isa = PBXBuildFile; fileRef = A20000000000000000000010 /* CategoryTemplates.swift */; };
		A10000000000000000000011 /* TemplatePickerView.swift in Sources */ = {isa = PBXBuildFile; fileRef = A20000000000000000000011 /* TemplatePickerView.swift */; };
		A10000000000000000000012 /* NotificationService.swift in Sources */ = {isa = PBXBuildFile; fileRef = A20000000000000000000012 /* NotificationService.swift */; };
		A10000000000000000000013 /* WidgetDataProvider.swift in Sources */ = {isa = PBXBuildFile; fileRef = A20000000000000000000013 /* WidgetDataProvider.swift */; };
		A10000000000000000000014 /* LastLoggedWidgetBundle.swift in Sources */ = {isa = PBXBuildFile; fileRef = A20000000000000000000014 /* LastLoggedWidgetBundle.swift */; };
		A10000000000000000000015 /* LastLoggedWidget.swift in Sources */ = {isa = PBXBuildFile; fileRef = A20000000000000000000015 /* LastLoggedWidget.swift */; };
		A10000000000000000000016 /* WidgetDataProvider.swift in Sources */ = {isa = PBXBuildFile; fileRef = A20000000000000000000013 /* WidgetDataProvider.swift */; };
		A10000000000000000000017 /* TrackerItem.swift in Sources */ = {isa = PBXBuildFile; fileRef = A20000000000000000000008 /* TrackerItem.swift */; };
		A10000000000000000000018 /* CompletionLog.swift in Sources */ = {isa = PBXBuildFile; fileRef = A20000000000000000000009 /* CompletionLog.swift */; };
		A10000000000000000000019 /* TrackerCategory.swift in Sources */ = {isa = PBXBuildFile; fileRef = A2000000000000000000000A /* TrackerCategory.swift */; };
		A1000000000000000000001A /* SyncStatus.swift in Sources */ = {isa = PBXBuildFile; fileRef = A20000000000000000000007 /* SyncStatus.swift */; };
		A1000000000000000000001B /* LastLoggedWidgetExtension.appex in Embed App Extensions */ = {isa = PBXBuildFile; fileRef = A20000000000000000000017 /* LastLoggedWidgetExtension.appex */; settings = {ATTRIBUTES = (RemoveHeadersOnCopy, ); }; };
		A1000000000000000000001C /* LogCompletionIntent.swift in Sources */ = {isa = PBXBuildFile; fileRef = A20000000000000000000018 /* LogCompletionIntent.swift */; };
		A1000000000000000000001D /* RevenueCatService.swift in Sources */ = {isa = PBXBuildFile; fileRef = A20000000000000000000019 /* RevenueCatService.swift */; };
		A1000000000000000000001E /* PaywallView.swift in Sources */ = {isa = PBXBuildFile; fileRef = A2000000000000000000001A /* PaywallView.swift */; };
		A1000000000000000000001F /* SupabaseService.swift in Sources */ = {isa = PBXBuildFile; fileRef = A2000000000000000000001B /* SupabaseService.swift */; };
		A10000000000000000000020 /* AuthViewModel.swift in Sources */ = {isa = PBXBuildFile; fileRef = A2000000000000000000001C /* AuthViewModel.swift */; };
		A10000000000000000000021 /* AuthView.swift in Sources */ = {isa = PBXBuildFile; fileRef = A2000000000000000000001D /* AuthView.swift */; };
		A10000000000000000000022 /* OnboardingViewModel.swift in Sources */ = {isa = PBXBuildFile; fileRef = A2000000000000000000001E /* OnboardingViewModel.swift */; };
		A10000000000000000000023 /* OnboardingView.swift in Sources */ = {isa = PBXBuildFile; fileRef = A2000000000000000000001F /* OnboardingView.swift */; };
		A10000000000000000000024 /* SettingsViewModel.swift in Sources */ = {isa = PBXBuildFile; fileRef = A20000000000000000000020 /* SettingsViewModel.swift */; };
		A10000000000000000000025 /* SettingsView.swift in Sources */ = {isa = PBXBuildFile; fileRef = A20000000000000000000021 /* SettingsView.swift */; };
		A10000000000000000000026 /* TrackerDetailView.swift in Sources */ = {isa = PBXBuildFile; fileRef = A20000000000000000000022 /* TrackerDetailView.swift */; };
		A10000000000000000000027 /* AnalyticsService.swift in Sources */ = {isa = PBXBuildFile; fileRef = A20000000000000000000023 /* AnalyticsService.swift */; };
		A10000000000000000000028 /* TelemetryDeck in Frameworks */ = {isa = PBXBuildFile; productRef = AA0000000000000000000004 /* TelemetryDeck */; };
		A10000000000000000000029 /* CancellationView.swift in Sources */ = {isa = PBXBuildFile; fileRef = A20000000000000000000024 /* CancellationView.swift */; };
		A1000000000000000000002A /* WidgetPromptView.swift in Sources */ = {isa = PBXBuildFile; fileRef = A20000000000000000000025 /* WidgetPromptView.swift */; };
		A1000000000000000000002B /* AppSecrets.swift in Sources */ = {isa = PBXBuildFile; fileRef = A20000000000000000000026 /* AppSecrets.swift */; };
		A1000000000000000000002C /* SchemaVersions.swift in Sources */ = {isa = PBXBuildFile; fileRef = A20000000000000000000027 /* SchemaVersions.swift */; };
		A1000000000000000000002D /* SchemaVersions.swift in Sources */ = {isa = PBXBuildFile; fileRef = A20000000000000000000027 /* SchemaVersions.swift */; };
/* End PBXBuildFile section */

/* Begin PBXContainerItemProxy section */
		AB0000000000000000000001 /* PBXContainerItemProxy */ = {
			isa = PBXContainerItemProxy;
			containerPortal = A60000000000000000000001 /* Project object */;
			proxyType = 1;
			remoteGlobalIDString = A50000000000000000000002;
			remoteInfo = LastLoggedWidgetExtension;
		};
/* End PBXContainerItemProxy section */

/* Begin PBXCopyFilesBuildPhase section */
		A40000000000000000000007 /* Embed App Extensions */ = {
			isa = PBXCopyFilesBuildPhase;
			buildActionMask = 2147483647;
			dstPath = "";
			dstSubfolderSpec = 13;
			files = (
				A1000000000000000000001B /* LastLoggedWidgetExtension.appex in Embed App Extensions */,
			);
			name = "Embed App Extensions";
			runOnlyForDeploymentPostprocessing = 0;
		};
/* End PBXCopyFilesBuildPhase section */

/* Begin PBXFileReference section */
		A20000000000000000000001 /* LastLoggedApp.swift */ = {isa = PBXFileReference; lastKnownFileType = sourcecode.swift; path = LastLoggedApp.swift; sourceTree = "<group>"; };
		A20000000000000000000002 /* ContentView.swift */ = {isa = PBXFileReference; lastKnownFileType = sourcecode.swift; path = ContentView.swift; sourceTree = "<group>"; };
		A20000000000000000000003 /* Assets.xcassets */ = {isa = PBXFileReference; lastKnownFileType = folder.assetcatalog; path = Assets.xcassets; sourceTree = "<group>"; };
		A20000000000000000000004 /* LastLogged.entitlements */ = {isa = PBXFileReference; lastKnownFileType = text.plist.entitlements; path = LastLogged.entitlements; sourceTree = "<group>"; };
		A20000000000000000000005 /* Info.plist */ = {isa = PBXFileReference; lastKnownFileType = text.plist.xml; path = Info.plist; sourceTree = "<group>"; };
		A20000000000000000000006 /* LastLogged.app */ = {isa = PBXFileReference; explicitFileType = wrapper.application; includeInIndex = 0; path = LastLogged.app; sourceTree = BUILT_PRODUCTS_DIR; };
		A20000000000000000000007 /* SyncStatus.swift */ = {isa = PBXFileReference; lastKnownFileType = sourcecode.swift; path = SyncStatus.swift; sourceTree = "<group>"; };
		A20000000000000000000008 /* TrackerItem.swift */ = {isa = PBXFileReference; lastKnownFileType = sourcecode.swift; path = TrackerItem.swift; sourceTree = "<group>"; };
		A20000000000000000000009 /* CompletionLog.swift */ = {isa = PBXFileReference; lastKnownFileType = sourcecode.swift; path = CompletionLog.swift; sourceTree = "<group>"; };
		A2000000000000000000000A /* TrackerCategory.swift */ = {isa = PBXFileReference; lastKnownFileType = sourcecode.swift; path = TrackerCategory.swift; sourceTree = "<group>"; };
		A2000000000000000000000B /* DataSeeder.swift */ = {isa = PBXFileReference; lastKnownFileType = sourcecode.swift; path = DataSeeder.swift; sourceTree = "<group>"; };
		A2000000000000000000000C /* HomeViewModel.swift */ = {isa = PBXFileReference; lastKnownFileType = sourcecode.swift; path = HomeViewModel.swift; sourceTree = "<group>"; };
		A2000000000000000000000D /* HomeView.swift */ = {isa = PBXFileReference; lastKnownFileType = sourcecode.swift; path = HomeView.swift; sourceTree = "<group>"; };
		A2000000000000000000000E /* AddTrackerView.swift */ = {isa = PBXFileReference; lastKnownFileType = sourcecode.swift; path = AddTrackerView.swift; sourceTree = "<group>"; };
		A2000000000000000000000F /* TrackerDetailViewModel.swift */ = {isa = PBXFileReference; lastKnownFileType = sourcecode.swift; path = TrackerDetailViewModel.swift; sourceTree = "<group>"; };
		A20000000000000000000010 /* CategoryTemplates.swift */ = {isa = PBXFileReference; lastKnownFileType = sourcecode.swift; path = CategoryTemplates.swift; sourceTree = "<group>"; };
		A20000000000000000000011 /* TemplatePickerView.swift */ = {isa = PBXFileReference; lastKnownFileType = sourcecode.swift; path = TemplatePickerView.swift; sourceTree = "<group>"; };
		A20000000000000000000012 /* NotificationService.swift */ = {isa = PBXFileReference; lastKnownFileType = sourcecode.swift; path = NotificationService.swift; sourceTree = "<group>"; };
		A20000000000000000000013 /* WidgetDataProvider.swift */ = {isa = PBXFileReference; lastKnownFileType = sourcecode.swift; path = WidgetDataProvider.swift; sourceTree = "<group>"; };
		A20000000000000000000014 /* LastLoggedWidgetBundle.swift */ = {isa = PBXFileReference; lastKnownFileType = sourcecode.swift; path = LastLoggedWidgetBundle.swift; sourceTree = "<group>"; };
		A20000000000000000000015 /* LastLoggedWidget.swift */ = {isa = PBXFileReference; lastKnownFileType = sourcecode.swift; path = LastLoggedWidget.swift; sourceTree = "<group>"; };
		A20000000000000000000016 /* LastLoggedWidget.entitlements */ = {isa = PBXFileReference; lastKnownFileType = text.plist.entitlements; path = LastLoggedWidget.entitlements; sourceTree = "<group>"; };
		A20000000000000000000017 /* LastLoggedWidgetExtension.appex */ = {isa = PBXFileReference; explicitFileType = "wrapper.app-extension"; includeInIndex = 0; path = LastLoggedWidgetExtension.appex; sourceTree = BUILT_PRODUCTS_DIR; };
		A20000000000000000000018 /* LogCompletionIntent.swift */ = {isa = PBXFileReference; lastKnownFileType = sourcecode.swift; path = LogCompletionIntent.swift; sourceTree = "<group>"; };
		A20000000000000000000019 /* RevenueCatService.swift */ = {isa = PBXFileReference; lastKnownFileType = sourcecode.swift; path = RevenueCatService.swift; sourceTree = "<group>"; };
		A2000000000000000000001A /* PaywallView.swift */ = {isa = PBXFileReference; lastKnownFileType = sourcecode.swift; path = PaywallView.swift; sourceTree = "<group>"; };
		A2000000000000000000001B /* SupabaseService.swift */ = {isa = PBXFileReference; lastKnownFileType = sourcecode.swift; path = SupabaseService.swift; sourceTree = "<group>"; };
		A2000000000000000000001C /* AuthViewModel.swift */ = {isa = PBXFileReference; lastKnownFileType = sourcecode.swift; path = AuthViewModel.swift; sourceTree = "<group>"; };
		A2000000000000000000001D /* AuthView.swift */ = {isa = PBXFileReference; lastKnownFileType = sourcecode.swift; path = AuthView.swift; sourceTree = "<group>"; };
		A2000000000000000000001E /* OnboardingViewModel.swift */ = {isa = PBXFileReference; lastKnownFileType = sourcecode.swift; path = OnboardingViewModel.swift; sourceTree = "<group>"; };
		A2000000000000000000001F /* OnboardingView.swift */ = {isa = PBXFileReference; lastKnownFileType = sourcecode.swift; path = OnboardingView.swift; sourceTree = "<group>"; };
		A20000000000000000000020 /* SettingsViewModel.swift */ = {isa = PBXFileReference; lastKnownFileType = sourcecode.swift; path = SettingsViewModel.swift; sourceTree = "<group>"; };
		A20000000000000000000021 /* SettingsView.swift */ = {isa = PBXFileReference; lastKnownFileType = sourcecode.swift; path = SettingsView.swift; sourceTree = "<group>"; };
		A20000000000000000000022 /* TrackerDetailView.swift */ = {isa = PBXFileReference; lastKnownFileType = sourcecode.swift; path = TrackerDetailView.swift; sourceTree = "<group>"; };
		A20000000000000000000023 /* AnalyticsService.swift */ = {isa = PBXFileReference; lastKnownFileType = sourcecode.swift; path = AnalyticsService.swift; sourceTree = "<group>"; };
		A20000000000000000000024 /* CancellationView.swift */ = {isa = PBXFileReference; lastKnownFileType = sourcecode.swift; path = CancellationView.swift; sourceTree = "<group>"; };
		A20000000000000000000025 /* WidgetPromptView.swift */ = {isa = PBXFileReference; lastKnownFileType = sourcecode.swift; path = WidgetPromptView.swift; sourceTree = "<group>"; };
		A20000000000000000000026 /* AppSecrets.swift */ = {isa = PBXFileReference; lastKnownFileType = sourcecode.swift; path = AppSecrets.swift; sourceTree = "<group>"; };
		A20000000000000000000027 /* SchemaVersions.swift */ = {isa = PBXFileReference; lastKnownFileType = sourcecode.swift; path = SchemaVersions.swift; sourceTree = "<group>"; };
/* End PBXFileReference section */

/* Begin PBXFrameworksBuildPhase section */
		A40000000000000000000002 /* Frameworks */ = {
			isa = PBXFrameworksBuildPhase;
			buildActionMask = 2147483647;
			files = (
				A10000000000000000000004 /* Supabase in Frameworks */,
				A10000000000000000000005 /* RevenueCat in Frameworks */,
				A10000000000000000000006 /* TelemetryDeck in Frameworks */,
			);
			runOnlyForDeploymentPostprocessing = 0;
		};
		A40000000000000000000005 /* Frameworks */ = {
			isa = PBXFrameworksBuildPhase;
			buildActionMask = 2147483647;
			files = (
				A10000000000000000000028 /* TelemetryDeck in Frameworks */,
			);
			runOnlyForDeploymentPostprocessing = 0;
		};
/* End PBXFrameworksBuildPhase section */

/* Begin PBXGroup section */
		A30000000000000000000001 = {
			isa = PBXGroup;
			children = (
				A30000000000000000000002 /* LastLogged */,
				A30000000000000000000010 /* LastLoggedWidget */,
				A3000000000000000000000E /* Products */,
				A3000000000000000000000F /* Frameworks */,
			);
			sourceTree = "<group>";
		};
		A30000000000000000000002 /* LastLogged */ = {
			isa = PBXGroup;
			children = (
				A20000000000000000000001 /* LastLoggedApp.swift */,
				A20000000000000000000002 /* ContentView.swift */,
				A30000000000000000000003 /* Models */,
				A30000000000000000000004 /* ViewModels */,
				A30000000000000000000005 /* Views */,
				A3000000000000000000000B /* Services */,
				A3000000000000000000000D /* Widget */,
				A3000000000000000000000C /* Utilities */,
				A20000000000000000000003 /* Assets.xcassets */,
				A20000000000000000000004 /* LastLogged.entitlements */,
				A20000000000000000000005 /* Info.plist */,
			);
			path = LastLogged;
			sourceTree = "<group>";
		};
		A30000000000000000000003 /* Models */ = {
			isa = PBXGroup;
			children = (
				A20000000000000000000007 /* SyncStatus.swift */,
				A20000000000000000000008 /* TrackerItem.swift */,
				A20000000000000000000009 /* CompletionLog.swift */,
				A2000000000000000000000A /* TrackerCategory.swift */,
				A20000000000000000000027 /* SchemaVersions.swift */,
			);
			path = Models;
			sourceTree = "<group>";
		};
		A30000000000000000000004 /* ViewModels */ = {
			isa = PBXGroup;
			children = (
				A2000000000000000000000C /* HomeViewModel.swift */,
				A2000000000000000000000F /* TrackerDetailViewModel.swift */,
				A2000000000000000000001C /* AuthViewModel.swift */,
				A2000000000000000000001E /* OnboardingViewModel.swift */,
				A20000000000000000000020 /* SettingsViewModel.swift */,
			);
			path = ViewModels;
			sourceTree = "<group>";
		};
		A30000000000000000000005 /* Views */ = {
			isa = PBXGroup;
			children = (
				A30000000000000000000006 /* Home */,
				A30000000000000000000007 /* Detail */,
				A30000000000000000000008 /* Onboarding */,
				A30000000000000000000009 /* Settings */,
				A3000000000000000000000A /* Components */,
			);
			path = Views;
			sourceTree = "<group>";
		};
		A30000000000000000000006 /* Home */ = {
			isa = PBXGroup;
			children = (
				A2000000000000000000000D /* HomeView.swift */,
				A2000000000000000000000E /* AddTrackerView.swift */,
				A20000000000000000000011 /* TemplatePickerView.swift */,
			);
			path = Home;
			sourceTree = "<group>";
		};
		A30000000000000000000007 /* Detail */ = {
			isa = PBXGroup;
			children = (
				A20000000000000000000022 /* TrackerDetailView.swift */,
			);
			path = Detail;
			sourceTree = "<group>";
		};
		A30000000000000000000008 /* Onboarding */ = {
			isa = PBXGroup;
			children = (
				A2000000000000000000001F /* OnboardingView.swift */,
			);
			path = Onboarding;
			sourceTree = "<group>";
		};
		A30000000000000000000009 /* Settings */ = {
			isa = PBXGroup;
			children = (
				A2000000000000000000001D /* AuthView.swift */,
				A20000000000000000000021 /* SettingsView.swift */,
			);
			path = Settings;
			sourceTree = "<group>";
		};
		A3000000000000000000000A /* Components */ = {
			isa = PBXGroup;
			children = (
				A2000000000000000000001A /* PaywallView.swift */,
				A20000000000000000000024 /* CancellationView.swift */,
				A20000000000000000000025 /* WidgetPromptView.swift */,
			);
			path = Components;
			sourceTree = "<group>";
		};
		A3000000000000000000000B /* Services */ = {
			isa = PBXGroup;
			children = (
				A20000000000000000000023 /* AnalyticsService.swift */,
				A20000000000000000000012 /* NotificationService.swift */,
				A20000000000000000000019 /* RevenueCatService.swift */,
				A2000000000000000000001B /* SupabaseService.swift */,
			);
			path = Services;
			sourceTree = "<group>";
		};
		A3000000000000000000000C /* Utilities */ = {
			isa = PBXGroup;
			children = (
				A2000000000000000000000B /* DataSeeder.swift */,
				A20000000000000000000010 /* CategoryTemplates.swift */,
				A20000000000000000000026 /* AppSecrets.swift */,
			);
			path = Utilities;
			sourceTree = "<group>";
		};
		A3000000000000000000000D /* Widget */ = {
			isa = PBXGroup;
			children = (
				A20000000000000000000013 /* WidgetDataProvider.swift */,
			);
			path = Widget;
			sourceTree = "<group>";
		};
		A3000000000000000000000E /* Products */ = {
			isa = PBXGroup;
			children = (
				A20000000000000000000006 /* LastLogged.app */,
				A20000000000000000000017 /* LastLoggedWidgetExtension.appex */,
			);
			name = Products;
			sourceTree = "<group>";
		};
		A3000000000000000000000F /* Frameworks */ = {
			isa = PBXGroup;
			children = (
			);
			name = Frameworks;
			sourceTree = "<group>";
		};
		A30000000000000000000010 /* LastLoggedWidget */ = {
			isa = PBXGroup;
			children = (
				A20000000000000000000014 /* LastLoggedWidgetBundle.swift */,
				A20000000000000000000015 /* LastLoggedWidget.swift */,
				A20000000000000000000018 /* LogCompletionIntent.swift */,
				A20000000000000000000016 /* LastLoggedWidget.entitlements */,
			);
			path = LastLoggedWidget;
			sourceTree = "<group>";
		};
/* End PBXGroup section */

/* Begin PBXNativeTarget section */
		A50000000000000000000001 /* LastLogged */ = {
			isa = PBXNativeTarget;
			buildConfigurationList = A80000000000000000000002 /* Build configuration list for PBXNativeTarget "LastLogged" */;
			buildPhases = (
				A40000000000000000000001 /* Sources */,
				A40000000000000000000002 /* Frameworks */,
				A40000000000000000000003 /* Resources */,
				A40000000000000000000007 /* Embed App Extensions */,
			);
			buildRules = (
			);
			dependencies = (
				AC0000000000000000000001 /* PBXTargetDependency */,
			);
			name = LastLogged;
			packageProductDependencies = (
				AA0000000000000000000001 /* Supabase */,
				AA0000000000000000000002 /* RevenueCat */,
				AA0000000000000000000003 /* TelemetryDeck */,
			);
			productName = LastLogged;
			productReference = A20000000000000000000006 /* LastLogged.app */;
			productType = "com.apple.product-type.application";
		};
		A50000000000000000000002 /* LastLoggedWidgetExtension */ = {
			isa = PBXNativeTarget;
			buildConfigurationList = A80000000000000000000003 /* Build configuration list for PBXNativeTarget "LastLoggedWidgetExtension" */;
			buildPhases = (
				A40000000000000000000004 /* Sources */,
				A40000000000000000000005 /* Frameworks */,
				A40000000000000000000006 /* Resources */,
			);
			buildRules = (
			);
			dependencies = (
			);
			name = LastLoggedWidgetExtension;
			packageProductDependencies = (
				AA0000000000000000000004 /* TelemetryDeck */,
			);
			productName = LastLoggedWidgetExtension;
			productReference = A20000000000000000000017 /* LastLoggedWidgetExtension.appex */;
			productType = "com.apple.product-type.app-extension";
		};
/* End PBXNativeTarget section */

/* Begin PBXProject section */
		A60000000000000000000001 /* Project object */ = {
			isa = PBXProject;
			attributes = {
				BuildIndependentTargetsInParallel = 1;
				LastSwiftUpdateCheck = 1540;
				LastUpgradeCheck = 1540;
				TargetAttributes = {
					A50000000000000000000001 = {
						CreatedOnToolsVersion = 15.4;
					};
					A50000000000000000000002 = {
						CreatedOnToolsVersion = 15.4;
					};
				};
			};
			buildConfigurationList = A80000000000000000000001 /* Build configuration list for PBXProject "LastLogged" */;
			compatibilityVersion = "Xcode 14.0";
			developmentRegion = en;
			hasScannedForEncodings = 0;
			knownRegions = (
				en,
				Base,
			);
			mainGroup = A30000000000000000000001;
			packageReferences = (
				A90000000000000000000001 /* XCRemoteSwiftPackageReference "supabase-swift" */,
				A90000000000000000000002 /* XCRemoteSwiftPackageReference "purchases-ios" */,
				A90000000000000000000003 /* XCRemoteSwiftPackageReference "SwiftClient" */,
			);
			productRefGroup = A3000000000000000000000E /* Products */;
			projectDirPath = "";
			projectRoot = "";
			targets = (
				A50000000000000000000001 /* LastLogged */,
				A50000000000000000000002 /* LastLoggedWidgetExtension */,
			);
		};
/* End PBXProject section */

/* Begin PBXResourcesBuildPhase section */
		A40000000000000000000003 /* Resources */ = {
			isa = PBXResourcesBuildPhase;
			buildActionMask = 2147483647;
			files = (
				A10000000000000000000003 /* Assets.xcassets in Resources */,
			);
			runOnlyForDeploymentPostprocessing = 0;
		};
		A40000000000000000000006 /* Resources */ = {
			isa = PBXResourcesBuildPhase;
			buildActionMask = 2147483647;
			files = (
			);
			runOnlyForDeploymentPostprocessing = 0;
		};
/* End PBXResourcesBuildPhase section */

/* Begin PBXSourcesBuildPhase section */
		A40000000000000000000001 /* Sources */ = {
			isa = PBXSourcesBuildPhase;
			buildActionMask = 2147483647;
			files = (
				A10000000000000000000001 /* LastLoggedApp.swift in Sources */,
				A10000000000000000000002 /* ContentView.swift in Sources */,
				A10000000000000000000007 /* SyncStatus.swift in Sources */,
				A10000000000000000000008 /* TrackerItem.swift in Sources */,
				A10000000000000000000009 /* CompletionLog.swift in Sources */,
				A1000000000000000000000A /* TrackerCategory.swift in Sources */,
				A1000000000000000000000B /* DataSeeder.swift in Sources */,
				A1000000000000000000000C /* HomeViewModel.swift in Sources */,
				A1000000000000000000000D /* HomeView.swift in Sources */,
				A1000000000000000000000E /* AddTrackerView.swift in Sources */,
				A1000000000000000000000F /* TrackerDetailViewModel.swift in Sources */,
				A10000000000000000000010 /* CategoryTemplates.swift in Sources */,
				A10000000000000000000011 /* TemplatePickerView.swift in Sources */,
				A10000000000000000000012 /* NotificationService.swift in Sources */,
				A1000000000000000000001D /* RevenueCatService.swift in Sources */,
				A1000000000000000000001E /* PaywallView.swift in Sources */,
				A1000000000000000000001F /* SupabaseService.swift in Sources */,
				A10000000000000000000020 /* AuthViewModel.swift in Sources */,
				A10000000000000000000021 /* AuthView.swift in Sources */,
				A10000000000000000000013 /* WidgetDataProvider.swift in Sources */,
				A10000000000000000000022 /* OnboardingViewModel.swift in Sources */,
				A10000000000000000000023 /* OnboardingView.swift in Sources */,
				A10000000000000000000024 /* SettingsViewModel.swift in Sources */,
				A10000000000000000000025 /* SettingsView.swift in Sources */,
				A10000000000000000000026 /* TrackerDetailView.swift in Sources */,
				A10000000000000000000027 /* AnalyticsService.swift in Sources */,
				A10000000000000000000029 /* CancellationView.swift in Sources */,
				A1000000000000000000002A /* WidgetPromptView.swift in Sources */,
				A1000000000000000000002B /* AppSecrets.swift in Sources */,
				A1000000000000000000002C /* SchemaVersions.swift in Sources */,
			);
			runOnlyForDeploymentPostprocessing = 0;
		};
		A40000000000000000000004 /* Sources */ = {
			isa = PBXSourcesBuildPhase;
			buildActionMask = 2147483647;
			files = (
				A10000000000000000000014 /* LastLoggedWidgetBundle.swift in Sources */,
				A10000000000000000000015 /* LastLoggedWidget.swift in Sources */,
				A1000000000000000000001C /* LogCompletionIntent.swift in Sources */,
				A10000000000000000000016 /* WidgetDataProvider.swift in Sources */,
				A10000000000000000000017 /* TrackerItem.swift in Sources */,
				A10000000000000000000018 /* CompletionLog.swift in Sources */,
				A10000000000000000000019 /* TrackerCategory.swift in Sources */,
				A1000000000000000000001A /* SyncStatus.swift in Sources */,
				A1000000000000000000002D /* SchemaVersions.swift in Sources */,
			);
			runOnlyForDeploymentPostprocessing = 0;
		};
/* End PBXSourcesBuildPhase section */

/* Begin PBXTargetDependency section */
		AC0000000000000000000001 /* PBXTargetDependency */ = {
			isa = PBXTargetDependency;
			target = A50000000000000000000002 /* LastLoggedWidgetExtension */;
			targetProxy = AB0000000000000000000001 /* PBXContainerItemProxy */;
		};
/* End PBXTargetDependency section */

/* Begin XCBuildConfiguration section */
		A70000000000000000000001 /* Debug */ = {
			isa = XCBuildConfiguration;
			buildSettings = {
				ALWAYS_SEARCH_USER_PATHS = NO;
				CLANG_ANALYZER_NONNULL = YES;
				CLANG_ANALYZER_NUMBER_OBJECT_CONVERSION = YES_AGGRESSIVE;
				CLANG_CXX_LANGUAGE_STANDARD = "gnu++20";
				CLANG_ENABLE_MODULES = YES;
				CLANG_ENABLE_OBJC_ARC = YES;
				CLANG_ENABLE_OBJC_WEAK = YES;
				CLANG_WARN_BLOCK_CAPTURE_AUTORELEASING = YES;
				CLANG_WARN_BOOL_CONVERSION = YES;
				CLANG_WARN_COMMA = YES;
				CLANG_WARN_CONSTANT_CONVERSION = YES;
				CLANG_WARN_DEPRECATED_OBJC_IMPLEMENTATIONS = YES;
				CLANG_WARN_DIRECT_OBJC_ISA_USAGE = YES_ERROR;
				CLANG_WARN_DOCUMENTATION_COMMENTS = YES;
				CLANG_WARN_EMPTY_BODY = YES;
				CLANG_WARN_ENUM_CONVERSION = YES;
				CLANG_WARN_INFINITE_RECURSION = YES;
				CLANG_WARN_INT_CONVERSION = YES;
				CLANG_WARN_NON_LITERAL_NULL_CONVERSION = YES;
				CLANG_WARN_OBJC_IMPLICIT_RETAIN_SELF = YES;
				CLANG_WARN_OBJC_LITERAL_CONVERSION = YES;
				CLANG_WARN_OBJC_ROOT_CLASS = YES_ERROR;
				CLANG_WARN_QUOTED_INCLUDE_IN_FRAMEWORK_HEADER = YES;
				CLANG_WARN_RANGE_LOOP_ANALYSIS = YES;
				CLANG_WARN_STRICT_PROTOTYPES = YES;
				CLANG_WARN_SUSPICIOUS_MOVE = YES;
				CLANG_WARN_UNGUARDED_AVAILABILITY = YES_FIRST;
				CLANG_WARN_UNREACHABLE_CODE = YES;
				CLANG_WARN__DUPLICATE_METHOD_MATCH = YES;
				COPY_PHASE_STRIP = NO;
				DEBUG_INFORMATION_FORMAT = dwarf;
				ENABLE_STRICT_OBJC_MSGSEND = YES;
				ENABLE_TESTABILITY = YES;
				ENABLE_USER_SCRIPT_SANDBOXING = YES;
				GCC_C_LANGUAGE_STANDARD = gnu17;
				GCC_DYNAMIC_NO_PIC = NO;
				GCC_NO_COMMON_BLOCKS = YES;
				GCC_OPTIMIZATION_LEVEL = 0;
				GCC_PREPROCESSOR_DEFINITIONS = (
					"DEBUG=1",
					"$(inherited)",
				);
				GCC_WARN_64_TO_32_BIT_CONVERSION = YES;
				GCC_WARN_ABOUT_RETURN_TYPE = YES_ERROR;
				GCC_WARN_UNDECLARED_SELECTOR = YES;
				GCC_WARN_UNINITIALIZED_AUTOS = YES_AGGRESSIVE;
				GCC_WARN_UNUSED_FUNCTION = YES;
				GCC_WARN_UNUSED_VARIABLE = YES;
				IPHONEOS_DEPLOYMENT_TARGET = 17.0;
				LOCALIZATION_PREFERS_STRING_CATALOGS = YES;
				MTL_ENABLE_DEBUG_INFO = INCLUDE_SOURCE;
				MTL_FAST_MATH = YES;
				ONLY_ACTIVE_ARCH = YES;
				SDKROOT = iphoneos;
				SWIFT_ACTIVE_COMPILATION_CONDITIONS = "DEBUG $(inherited)";
				SWIFT_OPTIMIZATION_LEVEL = "-Onone";
				SWIFT_VERSION = 5.0;
			};
			name = Debug;
		};
		A70000000000000000000002 /* Release */ = {
			isa = XCBuildConfiguration;
			buildSettings = {
				ALWAYS_SEARCH_USER_PATHS = NO;
				CLANG_ANALYZER_NONNULL = YES;
				CLANG_ANALYZER_NUMBER_OBJECT_CONVERSION = YES_AGGRESSIVE;
				CLANG_CXX_LANGUAGE_STANDARD = "gnu++20";
				CLANG_ENABLE_MODULES = YES;
				CLANG_ENABLE_OBJC_ARC = YES;
				CLANG_ENABLE_OBJC_WEAK = YES;
				CLANG_WARN_BLOCK_CAPTURE_AUTORELEASING = YES;
				CLANG_WARN_BOOL_CONVERSION = YES;
				CLANG_WARN_COMMA = YES;
				CLANG_WARN_CONSTANT_CONVERSION = YES;
				CLANG_WARN_DEPRECATED_OBJC_IMPLEMENTATIONS = YES;
				CLANG_WARN_DIRECT_OBJC_ISA_USAGE = YES_ERROR;
				CLANG_WARN_DOCUMENTATION_COMMENTS = YES;
				CLANG_WARN_EMPTY_BODY = YES;
				CLANG_WARN_ENUM_CONVERSION = YES;
				CLANG_WARN_INFINITE_RECURSION = YES;
				CLANG_WARN_INT_CONVERSION = YES;
				CLANG_WARN_NON_LITERAL_NULL_CONVERSION = YES;
				CLANG_WARN_OBJC_IMPLICIT_RETAIN_SELF = YES;
				CLANG_WARN_OBJC_LITERAL_CONVERSION = YES;
				CLANG_WARN_OBJC_ROOT_CLASS = YES_ERROR;
				CLANG_WARN_QUOTED_INCLUDE_IN_FRAMEWORK_HEADER = YES;
				CLANG_WARN_RANGE_LOOP_ANALYSIS = YES;
				CLANG_WARN_STRICT_PROTOTYPES = YES;
				CLANG_WARN_SUSPICIOUS_MOVE = YES;
				CLANG_WARN_UNGUARDED_AVAILABILITY = YES_FIRST;
				CLANG_WARN_UNREACHABLE_CODE = YES;
				CLANG_WARN__DUPLICATE_METHOD_MATCH = YES;
				COPY_PHASE_STRIP = NO;
				DEBUG_INFORMATION_FORMAT = "dwarf-with-dsym";
				ENABLE_NS_ASSERTIONS = NO;
				ENABLE_STRICT_OBJC_MSGSEND = YES;
				ENABLE_USER_SCRIPT_SANDBOXING = YES;
				GCC_C_LANGUAGE_STANDARD = gnu17;
				GCC_NO_COMMON_BLOCKS = YES;
				GCC_WARN_64_TO_32_BIT_CONVERSION = YES;
				GCC_WARN_ABOUT_RETURN_TYPE = YES_ERROR;
				GCC_WARN_UNDECLARED_SELECTOR = YES;
				GCC_WARN_UNINITIALIZED_AUTOS = YES_AGGRESSIVE;
				GCC_WARN_UNUSED_FUNCTION = YES;
				GCC_WARN_UNUSED_VARIABLE = YES;
				IPHONEOS_DEPLOYMENT_TARGET = 17.0;
				LOCALIZATION_PREFERS_STRING_CATALOGS = YES;
				MTL_ENABLE_DEBUG_INFO = NO;
				MTL_FAST_MATH = YES;
				SDKROOT = iphoneos;
				SWIFT_COMPILATION_MODE = wholemodule;
				SWIFT_VERSION = 5.0;
				VALIDATE_PRODUCT = YES;
			};
			name = Release;
		};
		A70000000000000000000003 /* Debug */ = {
			isa = XCBuildConfiguration;
			buildSettings = {
				ASSETCATALOG_COMPILER_APPICON_NAME = AppIcon;
				ASSETCATALOG_COMPILER_GLOBAL_ACCENT_COLOR_NAME = AccentColor;
				CODE_SIGN_ENTITLEMENTS = LastLogged/LastLogged.entitlements;
				CODE_SIGN_STYLE = Automatic;
				CURRENT_PROJECT_VERSION = 1;
				DEVELOPMENT_TEAM = "";
				GENERATE_INFOPLIST_FILE = YES;
				INFOPLIST_FILE = LastLogged/Info.plist;
				INFOPLIST_KEY_CFBundleDisplayName = "Last Logged";
				INFOPLIST_KEY_UIApplicationSceneManifest_Generation = YES;
				INFOPLIST_KEY_UIApplicationSupportsIndirectInputEvents = YES;
				INFOPLIST_KEY_UILaunchScreen_Generation = YES;
				INFOPLIST_KEY_UISupportedInterfaceOrientations_iPad = "UIInterfaceOrientationPortrait UIInterfaceOrientationPortraitUpsideDown UIInterfaceOrientationLandscapeLeft UIInterfaceOrientationLandscapeRight";
				INFOPLIST_KEY_UISupportedInterfaceOrientations_iPhone = "UIInterfaceOrientationPortrait UIInterfaceOrientationLandscapeLeft UIInterfaceOrientationLandscapeRight";
				LD_RUNPATH_SEARCH_PATHS = (
					"$(inherited)",
					"@executable_path/Frameworks",
				);
				MARKETING_VERSION = 1.0;
				PRODUCT_BUNDLE_IDENTIFIER = com.pearsonmedia.lastlogged;
				PRODUCT_NAME = "$(TARGET_NAME)";
				SWIFT_EMIT_LOC_STRINGS = YES;
				TARGETED_DEVICE_FAMILY = "1,2";
			};
			name = Debug;
		};
		A70000000000000000000004 /* Release */ = {
			isa = XCBuildConfiguration;
			buildSettings = {
				ASSETCATALOG_COMPILER_APPICON_NAME = AppIcon;
				ASSETCATALOG_COMPILER_GLOBAL_ACCENT_COLOR_NAME = AccentColor;
				CODE_SIGN_ENTITLEMENTS = LastLogged/LastLogged.entitlements;
				CODE_SIGN_STYLE = Automatic;
				CURRENT_PROJECT_VERSION = 1;
				DEVELOPMENT_TEAM = "";
				GENERATE_INFOPLIST_FILE = YES;
				INFOPLIST_FILE = LastLogged/Info.plist;
				INFOPLIST_KEY_CFBundleDisplayName = "Last Logged";
				INFOPLIST_KEY_UIApplicationSceneManifest_Generation = YES;
				INFOPLIST_KEY_UIApplicationSupportsIndirectInputEvents = YES;
				INFOPLIST_KEY_UILaunchScreen_Generation = YES;
				INFOPLIST_KEY_UISupportedInterfaceOrientations_iPad = "UIInterfaceOrientationPortrait UIInterfaceOrientationPortraitUpsideDown UIInterfaceOrientationLandscapeLeft UIInterfaceOrientationLandscapeRight";
				INFOPLIST_KEY_UISupportedInterfaceOrientations_iPhone = "UIInterfaceOrientationPortrait UIInterfaceOrientationLandscapeLeft UIInterfaceOrientationLandscapeRight";
				LD_RUNPATH_SEARCH_PATHS = (
					"$(inherited)",
					"@executable_path/Frameworks",
				);
				MARKETING_VERSION = 1.0;
				PRODUCT_BUNDLE_IDENTIFIER = com.pearsonmedia.lastlogged;
				PRODUCT_NAME = "$(TARGET_NAME)";
				SWIFT_EMIT_LOC_STRINGS = YES;
				TARGETED_DEVICE_FAMILY = "1,2";
			};
			name = Release;
		};
		A70000000000000000000005 /* Debug */ = {
			isa = XCBuildConfiguration;
			buildSettings = {
				ASSETCATALOG_COMPILER_GLOBAL_ACCENT_COLOR_NAME = AccentColor;
				CODE_SIGN_ENTITLEMENTS = LastLoggedWidget/LastLoggedWidget.entitlements;
				CODE_SIGN_STYLE = Automatic;
				CURRENT_PROJECT_VERSION = 1;
				DEVELOPMENT_TEAM = "";
				GENERATE_INFOPLIST_FILE = YES;
				INFOPLIST_KEY_CFBundleDisplayName = "Last Logged Widget";
				INFOPLIST_KEY_NSHumanReadableCopyright = "";
				LD_RUNPATH_SEARCH_PATHS = (
					"$(inherited)",
					"@executable_path/Frameworks",
					"@executable_path/../../Frameworks",
				);
				MARKETING_VERSION = 1.0;
				PRODUCT_BUNDLE_IDENTIFIER = com.pearsonmedia.lastlogged.widget;
				PRODUCT_NAME = "$(TARGET_NAME)";
				SKIP_INSTALL = YES;
				SWIFT_EMIT_LOC_STRINGS = YES;
				TARGETED_DEVICE_FAMILY = "1,2";
			};
			name = Debug;
		};
		A70000000000000000000006 /* Release */ = {
			isa = XCBuildConfiguration;
			buildSettings = {
				ASSETCATALOG_COMPILER_GLOBAL_ACCENT_COLOR_NAME = AccentColor;
				CODE_SIGN_ENTITLEMENTS = LastLoggedWidget/LastLoggedWidget.entitlements;
				CODE_SIGN_STYLE = Automatic;
				CURRENT_PROJECT_VERSION = 1;
				DEVELOPMENT_TEAM = "";
				GENERATE_INFOPLIST_FILE = YES;
				INFOPLIST_KEY_CFBundleDisplayName = "Last Logged Widget";
				INFOPLIST_KEY_NSHumanReadableCopyright = "";
				LD_RUNPATH_SEARCH_PATHS = (
					"$(inherited)",
					"@executable_path/Frameworks",
					"@executable_path/../../Frameworks",
				);
				MARKETING_VERSION = 1.0;
				PRODUCT_BUNDLE_IDENTIFIER = com.pearsonmedia.lastlogged.widget;
				PRODUCT_NAME = "$(TARGET_NAME)";
				SKIP_INSTALL = YES;
				SWIFT_EMIT_LOC_STRINGS = YES;
				TARGETED_DEVICE_FAMILY = "1,2";
			};
			name = Release;
		};
/* End XCBuildConfiguration section */

/* Begin XCConfigurationList section */
		A80000000000000000000001 /* Build configuration list for PBXProject "LastLogged" */ = {
			isa = XCConfigurationList;
			buildConfigurations = (
				A70000000000000000000001 /* Debug */,
				A70000000000000000000002 /* Release */,
			);
			defaultConfigurationIsVisible = 0;
			defaultConfigurationName = Release;
		};
		A80000000000000000000002 /* Build configuration list for PBXNativeTarget "LastLogged" */ = {
			isa = XCConfigurationList;
			buildConfigurations = (
				A70000000000000000000003 /* Debug */,
				A70000000000000000000004 /* Release */,
			);
			defaultConfigurationIsVisible = 0;
			defaultConfigurationName = Release;
		};
		A80000000000000000000003 /* Build configuration list for PBXNativeTarget "LastLoggedWidgetExtension" */ = {
			isa = XCConfigurationList;
			buildConfigurations = (
				A70000000000000000000005 /* Debug */,
				A70000000000000000000006 /* Release */,
			);
			defaultConfigurationIsVisible = 0;
			defaultConfigurationName = Release;
		};
/* End XCConfigurationList section */

/* Begin XCRemoteSwiftPackageReference section */
		A90000000000000000000001 /* XCRemoteSwiftPackageReference "supabase-swift" */ = {
			isa = XCRemoteSwiftPackageReference;
			repositoryURL = "https://github.com/supabase/supabase-swift.git";
			requirement = {
				kind = upToNextMajorVersion;
				minimumVersion = 2.0.0;
			};
		};
		A90000000000000000000002 /* XCRemoteSwiftPackageReference "purchases-ios" */ = {
			isa = XCRemoteSwiftPackageReference;
			repositoryURL = "https://github.com/RevenueCat/purchases-ios.git";
			requirement = {
				kind = upToNextMajorVersion;
				minimumVersion = 5.0.0;
			};
		};
		A90000000000000000000003 /* XCRemoteSwiftPackageReference "SwiftClient" */ = {
			isa = XCRemoteSwiftPackageReference;
			repositoryURL = "https://github.com/TelemetryDeck/SwiftClient.git";
			requirement = {
				kind = upToNextMajorVersion;
				minimumVersion = 2.0.0;
			};
		};
/* End XCRemoteSwiftPackageReference section */

/* Begin XCSwiftPackageProductDependency section */
		AA0000000000000000000001 /* Supabase */ = {
			isa = XCSwiftPackageProductDependency;
			package = A90000000000000000000001 /* XCRemoteSwiftPackageReference "supabase-swift" */;
			productName = Supabase;
		};
		AA0000000000000000000002 /* RevenueCat */ = {
			isa = XCSwiftPackageProductDependency;
			package = A90000000000000000000002 /* XCRemoteSwiftPackageReference "purchases-ios" */;
			productName = RevenueCat;
		};
		AA0000000000000000000003 /* TelemetryDeck */ = {
			isa = XCSwiftPackageProductDependency;
			package = A90000000000000000000003 /* XCRemoteSwiftPackageReference "SwiftClient" */;
			productName = TelemetryDeck;
		};
		AA0000000000000000000004 /* TelemetryDeck */ = {
			isa = XCSwiftPackageProductDependency;
			package = A90000000000000000000003 /* XCRemoteSwiftPackageReference "SwiftClient" */;
			productName = TelemetryDeck;
		};
/* End XCSwiftPackageProductDependency section */

	};
	rootObject = A60000000000000000000001 /* Project object */;
}
